
Microsoft Visual Studio Solution File, Format Version 12.00
# Visual Studio Version 17
VisualStudioVersion = 17.7.34024.191
MinimumVisualStudioVersion = 10.0.40219.1
Project("{FAE04EC0-301F-11D3-BF4B-00C04F79EFBC}") = "ChallengeApp", "ChallengeApp\ChallengeApp.csproj", "{BB5B227E-DE2A-42BF-8DB9-1DE2E2D76C5C}"
EndProject
Global
	GlobalSection(SolutionConfigurationPlatforms) = preSolution
		Debug|Any CPU = Debug|Any CPU
		Release|Any CPU = Release|Any CPU
	EndGlobalSection
	GlobalSection(ProjectConfigurationPlatforms) = postSolution
		{BB5B227E-DE2A-42BF-8DB9-1DE2E2D76C5C}.Debug|Any CPU.ActiveCfg = Debug|Any CPU
		{BB5B227E-DE2A-42BF-8DB9-1DE2E2D76C5C}.Debug|Any CPU.Build.0 = Debug|Any CPU
		{BB5B227E-DE2A-42BF-8DB9-1DE2E2D76C5C}.Release|Any CPU.ActiveCfg = Release|Any CPU
		{BB5B227E-DE2A-42BF-8DB9-1DE2E2D76C5C}.Release|Any CPU.Build.0 = Release|Any CPU
	EndGlobalSection
	GlobalSection(SolutionProperties) = preSolution
		HideSolutionNode = FALSE
	EndGlobalSection
	GlobalSection(ExtensibilityGlobals) = postSolution
		SolutionGuid = {B4D17702-294E-4482-AFCD-C0D43E72188D}
	EndGlobalSection
EndGlobal
